# This file is part of a Converge discovery fixture.
[[package]]
name = "httpx"
version = "0.28.1"
description = "fixture lock entry"
optional = false
python-versions = ">=3.8"
files = []

[[package]]
name = "pytest"
version = "8.3.5"
description = "fixture lock entry"
optional = false
python-versions = ">=3.8"
files = []

[metadata]
lock-version = "2.1"
python-versions = "^3.12"
content-hash = "fixture"
